
Microsoft Visual Studio Solution File, Format Version 12.00
Project("{FAE04EC0-301F-11D3-BF4B-00C04F79EFBC}") = "FileSenderRailway", "FileSenderRailway\FileSenderRailway.csproj", "{D979A1EA-516A-46BC-BE6C-8845CA10853D}"
EndProject
Project("{FAE04EC0-301F-11D3-BF4B-00C04F79EFBC}") = "ErrorHandling", "ErrorHandling\ErrorHandling.csproj", "{66FAF276-533D-4733-AB2E-A9905D678CF6}"
EndProject
Project("{2150E333-8FDC-42A3-9474-1A3956D46DE8}") = "Samples", "Samples", "{754C1CC8-A8B6-46C6-B35C-8A43B80111A0}"
EndProject
Project("{FAE04EC0-301F-11D3-BF4B-00C04F79EFBC}") = "Summator", "Samples\Summator\Summator.csproj", "{C33F3A5E-A1ED-4657-9B35-968A4CB23AA1}"
EndProject
Project("{FAE04EC0-301F-11D3-BF4B-00C04F79EFBC}") = "ConwaysGameOfLife", "Samples\ConwaysGameOfLife\ConwaysGameOfLife.csproj", "{4B77EC28-5FB5-4095-B3D7-127F5C488D6E}"
EndProject
Project("{2150E333-8FDC-42A3-9474-1A3956D46DE8}") = "TagCloud", "TagCloud", "{6B63A44E-1CAD-4987-9A9D-591183CC8B73}"
EndProject
Project("{FAE04EC0-301F-11D3-BF4B-00C04F79EFBC}") = "TagCloud", "C:\Users\stepa\RiderProjects\di\TagCloud\TagCloud.csproj", "{F97DD3D5-85F0-4ADA-B914-F7CA8716E0BD}"
EndProject
Project("{FAE04EC0-301F-11D3-BF4B-00C04F79EFBC}") = "TagCloud.GUI", "C:\Users\stepa\RiderProjects\di\TagCloud.GUI\TagCloud.GUI.csproj", "{EEFF950C-B04E-44CC-8405-C14AD7BBCDBE}"
EndProject
Project("{FAE04EC0-301F-11D3-BF4B-00C04F79EFBC}") = "TagCloud.Tests", "C:\Users\stepa\RiderProjects\di\TagCloud.Tests\TagCloud.Tests.csproj", "{E22C6DB1-2919-4D0C-8CE9-E97A47A9C93F}"
EndProject
Global
	GlobalSection(SolutionConfigurationPlatforms) = preSolution
		Debug|Any CPU = Debug|Any CPU
		Release|Any CPU = Release|Any CPU
	EndGlobalSection
	GlobalSection(ProjectConfigurationPlatforms) = postSolution
		{D979A1EA-516A-46BC-BE6C-8845CA10853D}.Debug|Any CPU.ActiveCfg = Debug|Any CPU
		{D979A1EA-516A-46BC-BE6C-8845CA10853D}.Debug|Any CPU.Build.0 = Debug|Any CPU
		{D979A1EA-516A-46BC-BE6C-8845CA10853D}.Release|Any CPU.ActiveCfg = Release|Any CPU
		{D979A1EA-516A-46BC-BE6C-8845CA10853D}.Release|Any CPU.Build.0 = Release|Any CPU
		{66FAF276-533D-4733-AB2E-A9905D678CF6}.Debug|Any CPU.ActiveCfg = Debug|Any CPU
		{66FAF276-533D-4733-AB2E-A9905D678CF6}.Debug|Any CPU.Build.0 = Debug|Any CPU
		{66FAF276-533D-4733-AB2E-A9905D678CF6}.Release|Any CPU.ActiveCfg = Release|Any CPU
		{66FAF276-533D-4733-AB2E-A9905D678CF6}.Release|Any CPU.Build.0 = Release|Any CPU
		{C33F3A5E-A1ED-4657-9B35-968A4CB23AA1}.Debug|Any CPU.ActiveCfg = Debug|Any CPU
		{C33F3A5E-A1ED-4657-9B35-968A4CB23AA1}.Debug|Any CPU.Build.0 = Debug|Any CPU
		{C33F3A5E-A1ED-4657-9B35-968A4CB23AA1}.Release|Any CPU.ActiveCfg = Release|Any CPU
		{C33F3A5E-A1ED-4657-9B35-968A4CB23AA1}.Release|Any CPU.Build.0 = Release|Any CPU
		{4B77EC28-5FB5-4095-B3D7-127F5C488D6E}.Debug|Any CPU.ActiveCfg = Debug|Any CPU
		{4B77EC28-5FB5-4095-B3D7-127F5C488D6E}.Debug|Any CPU.Build.0 = Debug|Any CPU
		{4B77EC28-5FB5-4095-B3D7-127F5C488D6E}.Release|Any CPU.ActiveCfg = Release|Any CPU
		{4B77EC28-5FB5-4095-B3D7-127F5C488D6E}.Release|Any CPU.Build.0 = Release|Any CPU
		{F97DD3D5-85F0-4ADA-B914-F7CA8716E0BD}.Debug|Any CPU.ActiveCfg = Debug|Any CPU
		{F97DD3D5-85F0-4ADA-B914-F7CA8716E0BD}.Debug|Any CPU.Build.0 = Debug|Any CPU
		{F97DD3D5-85F0-4ADA-B914-F7CA8716E0BD}.Release|Any CPU.ActiveCfg = Release|Any CPU
		{F97DD3D5-85F0-4ADA-B914-F7CA8716E0BD}.Release|Any CPU.Build.0 = Release|Any CPU
		{EEFF950C-B04E-44CC-8405-C14AD7BBCDBE}.Debug|Any CPU.ActiveCfg = Debug|Any CPU
		{EEFF950C-B04E-44CC-8405-C14AD7BBCDBE}.Debug|Any CPU.Build.0 = Debug|Any CPU
		{EEFF950C-B04E-44CC-8405-C14AD7BBCDBE}.Release|Any CPU.ActiveCfg = Release|Any CPU
		{EEFF950C-B04E-44CC-8405-C14AD7BBCDBE}.Release|Any CPU.Build.0 = Release|Any CPU
		{E22C6DB1-2919-4D0C-8CE9-E97A47A9C93F}.Debug|Any CPU.ActiveCfg = Debug|Any CPU
		{E22C6DB1-2919-4D0C-8CE9-E97A47A9C93F}.Debug|Any CPU.Build.0 = Debug|Any CPU
		{E22C6DB1-2919-4D0C-8CE9-E97A47A9C93F}.Release|Any CPU.ActiveCfg = Release|Any CPU
		{E22C6DB1-2919-4D0C-8CE9-E97A47A9C93F}.Release|Any CPU.Build.0 = Release|Any CPU
	EndGlobalSection
	GlobalSection(NestedProjects) = preSolution
		{C33F3A5E-A1ED-4657-9B35-968A4CB23AA1} = {754C1CC8-A8B6-46C6-B35C-8A43B80111A0}
		{4B77EC28-5FB5-4095-B3D7-127F5C488D6E} = {754C1CC8-A8B6-46C6-B35C-8A43B80111A0}
		{F97DD3D5-85F0-4ADA-B914-F7CA8716E0BD} = {6B63A44E-1CAD-4987-9A9D-591183CC8B73}
		{EEFF950C-B04E-44CC-8405-C14AD7BBCDBE} = {6B63A44E-1CAD-4987-9A9D-591183CC8B73}
		{E22C6DB1-2919-4D0C-8CE9-E97A47A9C93F} = {6B63A44E-1CAD-4987-9A9D-591183CC8B73}
	EndGlobalSection
EndGlobal
